
Microsoft Visual Studio Solution File, Format Version 12.00
# Visual Studio Version 17
VisualStudioVersion = 17.0.31612.314
MinimumVisualStudioVersion = 10.0.40219.1
Project("{FAE04EC0-301F-11D3-BF4B-00C04F79EFBC}") = "WPFCalculator", "WPFCalculator\WPFCalculator.csproj", "{D02C5E9D-098E-4E1C-8653-2A15308ED34A}"
EndProject
Global
	GlobalSection(SolutionConfigurationPlatforms) = preSolution
		Debug|Any CPU = Debug|Any CPU
		Release|Any CPU = Release|Any CPU
	EndGlobalSection
	GlobalSection(ProjectConfigurationPlatforms) = postSolution
		{D02C5E9D-098E-4E1C-8653-2A15308ED34A}.Debug|Any CPU.ActiveCfg = Debug|Any CPU
		{D02C5E9D-098E-4E1C-8653-2A15308ED34A}.Debug|Any CPU.Build.0 = Debug|Any CPU
		{D02C5E9D-098E-4E1C-8653-2A15308ED34A}.Release|Any CPU.ActiveCfg = Release|Any CPU
		{D02C5E9D-098E-4E1C-8653-2A15308ED34A}.Release|Any CPU.Build.0 = Release|Any CPU
	EndGlobalSection
	GlobalSection(SolutionProperties) = preSolution
		HideSolutionNode = FALSE
	EndGlobalSection
	GlobalSection(ExtensibilityGlobals) = postSolution
		SolutionGuid = {18B628C0-FD88-454B-8DCA-EA0718CD30C0}
	EndGlobalSection
EndGlobal
